
Microsoft Visual Studio Solution File, Format Version 12.00
# Visual Studio 15
VisualStudioVersion = 15.0.27130.2010
MinimumVisualStudioVersion = 10.0.40219.1
Project("{FAE04EC0-301F-11D3-BF4B-00C04F79EFBC}") = "SistemaMedico", "SistemaMedico\SistemaMedico.csproj", "{9F535755-0A59-48D6-95C8-2CB967F94727}"
EndProject
Project("{FAE04EC0-301F-11D3-BF4B-00C04F79EFBC}") = "SistemaMedico.Tests", "SistemaMedico.Tests\SistemaMedico.Tests.csproj", "{C39D4E76-E15C-484A-A1B1-37EE64A254E5}"
EndProject
Project("{FAE04EC0-301F-11D3-BF4B-00C04F79EFBC}") = "Datos", "Datos\Datos.csproj", "{092F979E-72F2-4D64-B292-8F4CED146254}"
EndProject
Global
	GlobalSection(SolutionConfigurationPlatforms) = preSolution
		Debug|Any CPU = Debug|Any CPU
		Release|Any CPU = Release|Any CPU
	EndGlobalSection
	GlobalSection(ProjectConfigurationPlatforms) = postSolution
		{9F535755-0A59-48D6-95C8-2CB967F94727}.Debug|Any CPU.ActiveCfg = Debug|Any CPU
		{9F535755-0A59-48D6-95C8-2CB967F94727}.Debug|Any CPU.Build.0 = Debug|Any CPU
		{9F535755-0A59-48D6-95C8-2CB967F94727}.Release|Any CPU.ActiveCfg = Release|Any CPU
		{9F535755-0A59-48D6-95C8-2CB967F94727}.Release|Any CPU.Build.0 = Release|Any CPU
		{C39D4E76-E15C-484A-A1B1-37EE64A254E5}.Debug|Any CPU.ActiveCfg = Debug|Any CPU
		{C39D4E76-E15C-484A-A1B1-37EE64A254E5}.Debug|Any CPU.Build.0 = Debug|Any CPU
		{C39D4E76-E15C-484A-A1B1-37EE64A254E5}.Release|Any CPU.ActiveCfg = Release|Any CPU
		{C39D4E76-E15C-484A-A1B1-37EE64A254E5}.Release|Any CPU.Build.0 = Release|Any CPU
		{092F979E-72F2-4D64-B292-8F4CED146254}.Debug|Any CPU.ActiveCfg = Debug|Any CPU
		{092F979E-72F2-4D64-B292-8F4CED146254}.Debug|Any CPU.Build.0 = Debug|Any CPU
		{092F979E-72F2-4D64-B292-8F4CED146254}.Release|Any CPU.ActiveCfg = Release|Any CPU
		{092F979E-72F2-4D64-B292-8F4CED146254}.Release|Any CPU.Build.0 = Release|Any CPU
	EndGlobalSection
	GlobalSection(SolutionProperties) = preSolution
		HideSolutionNode = FALSE
	EndGlobalSection
	GlobalSection(ExtensibilityGlobals) = postSolution
		SolutionGuid = {7FB84F25-3ACC-44F7-8BCF-49B21787731B}
	EndGlobalSection
EndGlobal
